
Microsoft Visual Studio Solution File, Format Version 12.00
# Visual Studio 15
VisualStudioVersion = 15.0.28307.1082
MinimumVisualStudioVersion = 10.0.40219.1
Project("{FAE04EC0-301F-11D3-BF4B-00C04F79EFBC}") = "BibliotecaClases", "BibliotecaClases\BibliotecaClases.csproj", "{3FF44381-A6B2-4F72-9B5B-9882A20B980A}"
EndProject
Project("{FAE04EC0-301F-11D3-BF4B-00C04F79EFBC}") = "Controlador", "Controlador\Controlador.csproj", "{ED86EF4E-CC99-4991-B777-DB44112558C8}"
EndProject
Project("{FAE04EC0-301F-11D3-BF4B-00C04F79EFBC}") = "Vista", "Vista\Vista.csproj", "{423361B3-CDA2-43E3-851B-8E176814BDC0}"
EndProject
Global
	GlobalSection(SolutionConfigurationPlatforms) = preSolution
		Debug|Any CPU = Debug|Any CPU
		Release|Any CPU = Release|Any CPU
	EndGlobalSection
	GlobalSection(ProjectConfigurationPlatforms) = postSolution
		{3FF44381-A6B2-4F72-9B5B-9882A20B980A}.Debug|Any CPU.ActiveCfg = Debug|Any CPU
		{3FF44381-A6B2-4F72-9B5B-9882A20B980A}.Debug|Any CPU.Build.0 = Debug|Any CPU
		{3FF44381-A6B2-4F72-9B5B-9882A20B980A}.Release|Any CPU.ActiveCfg = Release|Any CPU
		{3FF44381-A6B2-4F72-9B5B-9882A20B980A}.Release|Any CPU.Build.0 = Release|Any CPU
		{ED86EF4E-CC99-4991-B777-DB44112558C8}.Debug|Any CPU.ActiveCfg = Debug|Any CPU
		{ED86EF4E-CC99-4991-B777-DB44112558C8}.Debug|Any CPU.Build.0 = Debug|Any CPU
		{ED86EF4E-CC99-4991-B777-DB44112558C8}.Release|Any CPU.ActiveCfg = Release|Any CPU
		{ED86EF4E-CC99-4991-B777-DB44112558C8}.Release|Any CPU.Build.0 = Release|Any CPU
		{423361B3-CDA2-43E3-851B-8E176814BDC0}.Debug|Any CPU.ActiveCfg = Debug|Any CPU
		{423361B3-CDA2-43E3-851B-8E176814BDC0}.Debug|Any CPU.Build.0 = Debug|Any CPU
		{423361B3-CDA2-43E3-851B-8E176814BDC0}.Release|Any CPU.ActiveCfg = Release|Any CPU
		{423361B3-CDA2-43E3-851B-8E176814BDC0}.Release|Any CPU.Build.0 = Release|Any CPU
	EndGlobalSection
	GlobalSection(SolutionProperties) = preSolution
		HideSolutionNode = FALSE
	EndGlobalSection
	GlobalSection(ExtensibilityGlobals) = postSolution
		SolutionGuid = {53AE8FCE-C837-40AE-8A62-ED3E2883CC5F}
	EndGlobalSection
EndGlobal
